
Microsoft Visual Studio Solution File, Format Version 12.00
# Visual Studio Version 18
VisualStudioVersion = 18.5.11716.220
MinimumVisualStudioVersion = 10.0.40219.1
Project("{FAE04EC0-301F-11D3-BF4B-00C04F79EFBC}") = "SelfFinanceBlazorClient", "SelfFinanceBlazorClient\SelfFinanceBlazorClient.csproj", "{FEA99762-680A-570C-6373-EE7623ED9B7B}"
EndProject
Global
	GlobalSection(SolutionConfigurationPlatforms) = preSolution
		Debug|Any CPU = Debug|Any CPU
		Release|Any CPU = Release|Any CPU
	EndGlobalSection
	GlobalSection(ProjectConfigurationPlatforms) = postSolution
		{FEA99762-680A-570C-6373-EE7623ED9B7B}.Debug|Any CPU.ActiveCfg = Debug|Any CPU
		{FEA99762-680A-570C-6373-EE7623ED9B7B}.Debug|Any CPU.Build.0 = Debug|Any CPU
		{FEA99762-680A-570C-6373-EE7623ED9B7B}.Release|Any CPU.ActiveCfg = Release|Any CPU
		{FEA99762-680A-570C-6373-EE7623ED9B7B}.Release|Any CPU.Build.0 = Release|Any CPU
	EndGlobalSection
	GlobalSection(SolutionProperties) = preSolution
		HideSolutionNode = FALSE
	EndGlobalSection
	GlobalSection(ExtensibilityGlobals) = postSolution
		SolutionGuid = {FBE348A2-E74E-4AA3-8ECD-15DA6FFC8AD0}
	EndGlobalSection
EndGlobal
